
Microsoft Visual Studio Solution File, Format Version 12.00
# Visual Studio Version 17
VisualStudioVersion = 17.4.33205.214
MinimumVisualStudioVersion = 10.0.40219.1
Project("{FAE04EC0-301F-11D3-BF4B-00C04F79EFBC}") = "EFCoreDemo", "EFCoreDemo\EFCoreDemo.csproj", "{75C39FCC-BC05-47CC-8C9D-D093AC579665}"
EndProject
Global
	GlobalSection(SolutionConfigurationPlatforms) = preSolution
		Debug|Any CPU = Debug|Any CPU
		Release|Any CPU = Release|Any CPU
	EndGlobalSection
	GlobalSection(ProjectConfigurationPlatforms) = postSolution
		{75C39FCC-BC05-47CC-8C9D-D093AC579665}.Debug|Any CPU.ActiveCfg = Debug|Any CPU
		{75C39FCC-BC05-47CC-8C9D-D093AC579665}.Debug|Any CPU.Build.0 = Debug|Any CPU
		{75C39FCC-BC05-47CC-8C9D-D093AC579665}.Release|Any CPU.ActiveCfg = Release|Any CPU
		{75C39FCC-BC05-47CC-8C9D-D093AC579665}.Release|Any CPU.Build.0 = Release|Any CPU
	EndGlobalSection
	GlobalSection(SolutionProperties) = preSolution
		HideSolutionNode = FALSE
	EndGlobalSection
	GlobalSection(ExtensibilityGlobals) = postSolution
		SolutionGuid = {EA83137C-1F13-4B3A-816B-ED8C0E943DFF}
	EndGlobalSection
EndGlobal
